
Microsoft Visual Studio Solution File, Format Version 12.00
# Visual Studio Version 16
VisualStudioVersion = 16.0.31515.178
MinimumVisualStudioVersion = 10.0.40219.1
Project("{FAE04EC0-301F-11D3-BF4B-00C04F79EFBC}") = "Rhombus", "Rhombus\Rhombus.csproj", "{89D29407-199B-4085-9986-7EB575E82868}"
EndProject
Global
	GlobalSection(SolutionConfigurationPlatforms) = preSolution
		Debug|Any CPU = Debug|Any CPU
		Release|Any CPU = Release|Any CPU
	EndGlobalSection
	GlobalSection(ProjectConfigurationPlatforms) = postSolution
		{89D29407-199B-4085-9986-7EB575E82868}.Debug|Any CPU.ActiveCfg = Debug|Any CPU
		{89D29407-199B-4085-9986-7EB575E82868}.Debug|Any CPU.Build.0 = Debug|Any CPU
		{89D29407-199B-4085-9986-7EB575E82868}.Release|Any CPU.ActiveCfg = Release|Any CPU
		{89D29407-199B-4085-9986-7EB575E82868}.Release|Any CPU.Build.0 = Release|Any CPU
	EndGlobalSection
	GlobalSection(SolutionProperties) = preSolution
		HideSolutionNode = FALSE
	EndGlobalSection
	GlobalSection(ExtensibilityGlobals) = postSolution
		SolutionGuid = {D7F6C57A-1756-4D95-83A1-C785C652815E}
	EndGlobalSection
EndGlobal
